// !$*UTF8*$!
{
	archiveVersion = 1;
	classes = {
	};
	objectVersion = 46;
	objects = {

/* Begin PBXBuildFile section */
		699322370BE65801258C2880 /* libPods.a in Frameworks */ = {isa = PBXBuildFile; fileRef = 2BF105BFBBFD2127963F5FD6 /* libPods.a */; };
		BF6EEF971C6ED38D00460452 /* CoreAudio.framework in Frameworks */ = {isa = PBXBuildFile; fileRef = BF6EEF961C6ED38D00460452 /* CoreAudio.framework */; };
		BF6F04F71C6E77510096C156 /* Keys.plist in Resources */ = {isa = PBXBuildFile; fileRef = BF6F04F61C6E77510096C156 /* Keys.plist */; };
		BF6F04FF1C6E80290096C156 /* Spotify.framework in Frameworks */ = {isa = PBXBuildFile; fileRef = BF6F04FE1C6E80290096C156 /* Spotify.framework */; };
		BF6F05011C6E80DB0096C156 /* AVFoundation.framework in Frameworks */ = {isa = PBXBuildFile; fileRef = BF6F05001C6E80DB0096C156 /* AVFoundation.framework */; };
		BF6F05071C6E84F20096C156 /* SafariServices.framework in Frameworks */ = {isa = PBXBuildFile; fileRef = BF6F05061C6E84F20096C156 /* SafariServices.framework */; };
		BF78E9821C6D4EF60044440B /* Main.storyboard in Resources */ = {isa = PBXBuildFile; fileRef = BF78E9811C6D4EF60044440B /* Main.storyboard */; };
		BF7F698F1C6D502F0013CE2B /* AppDelegate.m in Sources */ = {isa = PBXBuildFile; fileRef = BF7F698E1C6D502F0013CE2B /* AppDelegate.m */; };
		BF7F69961C6D50380013CE2B /* ALSignInViewController.m in Sources */ = {isa = PBXBuildFile; fileRef = BF7F69911C6D50380013CE2B /* ALSignInViewController.m */; };
		BF7F69971C6D50380013CE2B /* ALSpotifyManager.m in Sources */ = {isa = PBXBuildFile; fileRef = BF7F69931C6D50380013CE2B /* ALSpotifyManager.m */; };
		BF7F69981C6D50380013CE2B /* ALUser.m in Sources */ = {isa = PBXBuildFile; fileRef = BF7F69951C6D50380013CE2B /* ALUser.m */; };
		BF7F69A31C6D50400013CE2B /* ALAddAlarmTableViewController.m in Sources */ = {isa = PBXBuildFile; fileRef = BF7F699A1C6D50400013CE2B /* ALAddAlarmTableViewController.m */; };
		BF7F69A41C6D50400013CE2B /* ALAlarm.m in Sources */ = {isa = PBXBuildFile; fileRef = BF7F699C1C6D50400013CE2B /* ALAlarm.m */; };
		BF7F69A51C6D50400013CE2B /* ALAlarmManager.m in Sources */ = {isa = PBXBuildFile; fileRef = BF7F699E1C6D50400013CE2B /* ALAlarmManager.m */; };
		BF7F69A61C6D50400013CE2B /* ALAlarmsTableViewController.m in Sources */ = {isa = PBXBuildFile; fileRef = BF7F69A01C6D50400013CE2B /* ALAlarmsTableViewController.m */; };
		BF7F69A71C6D50400013CE2B /* ALAlarmsViewController.m in Sources */ = {isa = PBXBuildFile; fileRef = BF7F69A21C6D50400013CE2B /* ALAlarmsViewController.m */; };
		BF7F69A91C6D50490013CE2B /* main.m in Sources */ = {isa = PBXBuildFile; fileRef = BF7F69A81C6D50490013CE2B /* main.m */; };
		BF7F69AB1C6D50560013CE2B /* Info.plist in Resources */ = {isa = PBXBuildFile; fileRef = BF7F69AA1C6D50560013CE2B /* Info.plist */; };
		BF7F69AE1C6D50650013CE2B /* Osaka.ttf in Resources */ = {isa = PBXBuildFile; fileRef = BF7F69AD1C6D50650013CE2B /* Osaka.ttf */; };
		BFB3D48B1C7245D800E5C405 /* ALSpotifyPlayerViewController.m in Sources */ = {isa = PBXBuildFile; fileRef = BFB3D48A1C7245D800E5C405 /* ALSpotifyPlayerViewController.m */; };
		BFB3D48E1C72502000E5C405 /* ALPlaylistSelectionViewController.m in Sources */ = {isa = PBXBuildFile; fileRef = BFB3D48D1C72502000E5C405 /* ALPlaylistSelectionViewController.m */; };
		BFF1BA121C6D4B9E00ECBF69 /* Assets.xcassets in Resources */ = {isa = PBXBuildFile; fileRef = BFF1BA111C6D4B9E00ECBF69 /* Assets.xcassets */; };
		BFF1BA151C6D4B9E00ECBF69 /* LaunchScreen.storyboard in Resources */ = {isa = PBXBuildFile; fileRef = BFF1BA131C6D4B9E00ECBF69 /* LaunchScreen.storyboard */; };
/* End PBXBuildFile section */

/* Begin PBXFileReference section */
		2BF105BFBBFD2127963F5FD6 /* libPods.a */ = {isa = PBXFileReference; explicitFileType = archive.ar; includeInIndex = 0; path = libPods.a; sourceTree = BUILT_PRODUCTS_DIR; };
		BF0C801D1C6EDC0400BA8BB8 /* alarmify-prefix.pch */ = {isa = PBXFileReference; lastKnownFileType = sourcecode.c.h; name = "alarmify-prefix.pch"; path = "../alarmify-prefix.pch"; sourceTree = "<group>"; };
		BF6EEF921C6ED30B00460452 /* AudioToolbox.framework */ = {isa = PBXFileReference; lastKnownFileType = wrapper.framework; name = AudioToolbox.framework; path = System/Library/Frameworks/AudioToolbox.framework; sourceTree = SDKROOT; };
		BF6EEF941C6ED34E00460452 /* AudioUnit.framework */ = {isa = PBXFileReference; lastKnownFileType = wrapper.framework; name = AudioUnit.framework; path = System/Library/Frameworks/AudioUnit.framework; sourceTree = SDKROOT; };
		BF6EEF961C6ED38D00460452 /* CoreAudio.framework */ = {isa = PBXFileReference; lastKnownFileType = wrapper.framework; name = CoreAudio.framework; path = System/Library/Frameworks/CoreAudio.framework; sourceTree = SDKROOT; };
		BF6F04F61C6E77510096C156 /* Keys.plist */ = {isa = PBXFileReference; fileEncoding = 4; lastKnownFileType = text.plist.xml; path = Keys.plist; sourceTree = "<group>"; };
		BF6F04FE1C6E80290096C156 /* Spotify.framework */ = {isa = PBXFileReference; lastKnownFileType = wrapper.framework; path = Spotify.framework; sourceTree = "<group>"; };
		BF6F05001C6E80DB0096C156 /* AVFoundation.framework */ = {isa = PBXFileReference; lastKnownFileType = wrapper.framework; name = AVFoundation.framework; path = System/Library/Frameworks/AVFoundation.framework; sourceTree = SDKROOT; };
		BF6F05061C6E84F20096C156 /* SafariServices.framework */ = {isa = PBXFileReference; lastKnownFileType = wrapper.framework; name = SafariServices.framework; path = System/Library/Frameworks/SafariServices.framework; sourceTree = SDKROOT; };
		BF78E9811C6D4EF60044440B /* Main.storyboard */ = {isa = PBXFileReference; fileEncoding = 4; lastKnownFileType = file.storyboard; path = Main.storyboard; sourceTree = "<group>"; };
		BF7F698D1C6D502F0013CE2B /* AppDelegate.h */ = {isa = PBXFileReference; fileEncoding = 4; lastKnownFileType = sourcecode.c.h; path = AppDelegate.h; sourceTree = "<group>"; };
		BF7F698E1C6D502F0013CE2B /* AppDelegate.m */ = {isa = PBXFileReference; fileEncoding = 4; lastKnownFileType = sourcecode.c.objc; path = AppDelegate.m; sourceTree = "<group>"; };
		BF7F69901C6D50380013CE2B /* ALSignInViewController.h */ = {isa = PBXFileReference; fileEncoding = 4; lastKnownFileType = sourcecode.c.h; path = ALSignInViewController.h; sourceTree = "<group>"; };
		BF7F69911C6D50380013CE2B /* ALSignInViewController.m */ = {isa = PBXFileReference; fileEncoding = 4; lastKnownFileType = sourcecode.c.objc; path = ALSignInViewController.m; sourceTree = "<group>"; };
		BF7F69921C6D50380013CE2B /* ALSpotifyManager.h */ = {isa = PBXFileReference; fileEncoding = 4; lastKnownFileType = sourcecode.c.h; path = ALSpotifyManager.h; sourceTree = "<group>"; };
		BF7F69931C6D50380013CE2B /* ALSpotifyManager.m */ = {isa = PBXFileReference; fileEncoding = 4; lastKnownFileType = sourcecode.c.objc; path = ALSpotifyManager.m; sourceTree = "<group>"; };
		BF7F69941C6D50380013CE2B /* ALUser.h */ = {isa = PBXFileReference; fileEncoding = 4; lastKnownFileType = sourcecode.c.h; path = ALUser.h; sourceTree = "<group>"; };
		BF7F69951C6D50380013CE2B /* ALUser.m */ = {isa = PBXFileReference; fileEncoding = 4; lastKnownFileType = sourcecode.c.objc; path = ALUser.m; sourceTree = "<group>"; };
		BF7F69991C6D50400013CE2B /* ALAddAlarmTableViewController.h */ = {isa = PBXFileReference; fileEncoding = 4; lastKnownFileType = sourcecode.c.h; path = ALAddAlarmTableViewController.h; sourceTree = "<group>"; };
		BF7F699A1C6D50400013CE2B /* ALAddAlarmTableViewController.m */ = {isa = PBXFileReference; fileEncoding = 4; lastKnownFileType = sourcecode.c.objc; path = ALAddAlarmTableViewController.m; sourceTree = "<group>"; };
		BF7F699B1C6D50400013CE2B /* ALAlarm.h */ = {isa = PBXFileReference; fileEncoding = 4; lastKnownFileType = sourcecode.c.h; path = ALAlarm.h; sourceTree = "<group>"; };
		BF7F699C1C6D50400013CE2B /* ALAlarm.m */ = {isa = PBXFileReference; fileEncoding = 4; lastKnownFileType = sourcecode.c.objc; path = ALAlarm.m; sourceTree = "<group>"; };
		BF7F699D1C6D50400013CE2B /* ALAlarmManager.h */ = {isa = PBXFileReference; fileEncoding = 4; lastKnownFileType = sourcecode.c.h; path = ALAlarmManager.h; sourceTree = "<group>"; };
		BF7F699E1C6D50400013CE2B /* ALAlarmManager.m */ = {isa = PBXFileReference; fileEncoding = 4; lastKnownFileType = sourcecode.c.objc; path = ALAlarmManager.m; sourceTree = "<group>"; };
		BF7F699F1C6D50400013CE2B /* ALAlarmsTableViewController.h */ = {isa = PBXFileReference; fileEncoding = 4; lastKnownFileType = sourcecode.c.h; path = ALAlarmsTableViewController.h; sourceTree = "<group>"; };
		BF7F69A01C6D50400013CE2B /* ALAlarmsTableViewController.m */ = {isa = PBXFileReference; fileEncoding = 4; lastKnownFileType = sourcecode.c.objc; path = ALAlarmsTableViewController.m; sourceTree = "<group>"; };
		BF7F69A11C6D50400013CE2B /* ALAlarmsViewController.h */ = {isa = PBXFileReference; fileEncoding = 4; lastKnownFileType = sourcecode.c.h; path = ALAlarmsViewController.h; sourceTree = "<group>"; };
		BF7F69A21C6D50400013CE2B /* ALAlarmsViewController.m */ = {isa = PBXFileReference; fileEncoding = 4; lastKnownFileType = sourcecode.c.objc; path = ALAlarmsViewController.m; sourceTree = "<group>"; };
		BF7F69A81C6D50490013CE2B /* main.m */ = {isa = PBXFileReference; fileEncoding = 4; lastKnownFileType = sourcecode.c.objc; path = main.m; sourceTree = "<group>"; };
		BF7F69AA1C6D50560013CE2B /* Info.plist */ = {isa = PBXFileReference; fileEncoding = 4; lastKnownFileType = text.plist.xml; path = Info.plist; sourceTree = "<group>"; };
		BF7F69AD1C6D50650013CE2B /* Osaka.ttf */ = {isa = PBXFileReference; lastKnownFileType = file; path = Osaka.ttf; sourceTree = "<group>"; };
		BFB3D4891C7245D800E5C405 /* ALSpotifyPlayerViewController.h */ = {isa = PBXFileReference; fileEncoding = 4; lastKnownFileType = sourcecode.c.h; path = ALSpotifyPlayerViewController.h; sourceTree = "<group>"; };
		BFB3D48A1C7245D800E5C405 /* ALSpotifyPlayerViewController.m */ = {isa = PBXFileReference; fileEncoding = 4; lastKnownFileType = sourcecode.c.objc; path = ALSpotifyPlayerViewController.m; sourceTree = "<group>"; };
		BFB3D48C1C72502000E5C405 /* ALPlaylistSelectionViewController.h */ = {isa = PBXFileReference; fileEncoding = 4; lastKnownFileType = sourcecode.c.h; path = ALPlaylistSelectionViewController.h; sourceTree = "<group>"; };
		BFB3D48D1C72502000E5C405 /* ALPlaylistSelectionViewController.m */ = {isa = PBXFileReference; fileEncoding = 4; lastKnownFileType = sourcecode.c.objc; path = ALPlaylistSelectionViewController.m; sourceTree = "<group>"; };
		BFF1B9FF1C6D4B9E00ECBF69 /* Alarmify.app */ = {isa = PBXFileReference; explicitFileType = wrapper.application; includeInIndex = 0; path = Alarmify.app; sourceTree = BUILT_PRODUCTS_DIR; };
		BFF1BA111C6D4B9E00ECBF69 /* Assets.xcassets */ = {isa = PBXFileReference; lastKnownFileType = folder.assetcatalog; path = Assets.xcassets; sourceTree = "<group>"; };
		BFF1BA141C6D4B9E00ECBF69 /* Base */ = {isa = PBXFileReference; lastKnownFileType = file.storyboard; name = Base; path = Base.lproj/LaunchScreen.storyboard; sourceTree = "<group>"; };
		C268A941AF3EFA30A0A683EA /* Pods.debug.xcconfig */ = {isa = PBXFileReference; includeInIndex = 1; lastKnownFileType = text.xcconfig; name = Pods.debug.xcconfig; path = "Pods/Target Support Files/Pods/Pods.debug.xcconfig"; sourceTree = "<group>"; };
		E72D251B87A3D6868C48C4EE /* Pods.release.xcconfig */ = {isa = PBXFileReference; includeInIndex = 1; lastKnownFileType = text.xcconfig; name = Pods.release.xcconfig; path = "Pods/Target Support Files/Pods/Pods.release.xcconfig"; sourceTree = "<group>"; };
/* End PBXFileReference section */

/* Begin PBXFrameworksBuildPhase section */
		BFF1B9FC1C6D4B9E00ECBF69 /* Frameworks */ = {
			isa = PBXFrameworksBuildPhase;
			buildActionMask = 2147483647;
			files = (
				BF6EEF971C6ED38D00460452 /* CoreAudio.framework in Frameworks */,
				BF6F05071C6E84F20096C156 /* SafariServices.framework in Frameworks */,
				BF6F05011C6E80DB0096C156 /* AVFoundation.framework in Frameworks */,
				BF6F04FF1C6E80290096C156 /* Spotify.framework in Frameworks */,
				699322370BE65801258C2880 /* libPods.a in Frameworks */,
			);
			runOnlyForDeploymentPostprocessing = 0;
		};
/* End PBXFrameworksBuildPhase section */

/* Begin PBXGroup section */
		BF0C80211C70269D00BA8BB8 /* For Eric & Dan */ = {
			isa = PBXGroup;
			children = (
				BF0C80221C702C9E00BA8BB8 /* Alarm Model */,
				BF0C80231C702CCD00BA8BB8 /* Alarm Controller */,
			);
			name = "For Eric & Dan";
			sourceTree = "<group>";
		};
		BF0C80221C702C9E00BA8BB8 /* Alarm Model */ = {
			isa = PBXGroup;
			children = (
				BF7F699D1C6D50400013CE2B /* ALAlarmManager.h */,
				BF7F699E1C6D50400013CE2B /* ALAlarmManager.m */,
				BF7F699B1C6D50400013CE2B /* ALAlarm.h */,
				BF7F699C1C6D50400013CE2B /* ALAlarm.m */,
			);
			name = "Alarm Model";
			sourceTree = "<group>";
		};
		BF0C80231C702CCD00BA8BB8 /* Alarm Controller */ = {
			isa = PBXGroup;
			children = (
				BF7F69A11C6D50400013CE2B /* ALAlarmsViewController.h */,
				BF7F69A21C6D50400013CE2B /* ALAlarmsViewController.m */,
				BF7F699F1C6D50400013CE2B /* ALAlarmsTableViewController.h */,
				BF7F69A01C6D50400013CE2B /* ALAlarmsTableViewController.m */,
				BF7F69991C6D50400013CE2B /* ALAddAlarmTableViewController.h */,
				BF7F699A1C6D50400013CE2B /* ALAddAlarmTableViewController.m */,
			);
			name = "Alarm Controller";
			sourceTree = "<group>";
		};
		BFB286B51C6DB6E50031DDE4 /* Spotify Model */ = {
			isa = PBXGroup;
			children = (
				BF7F69921C6D50380013CE2B /* ALSpotifyManager.h */,
				BF7F69931C6D50380013CE2B /* ALSpotifyManager.m */,
				BF7F69941C6D50380013CE2B /* ALUser.h */,
				BF7F69951C6D50380013CE2B /* ALUser.m */,
			);
			name = "Spotify Model";
			sourceTree = "<group>";
		};
		BFB286B61C6DB7030031DDE4 /* Spotify Controller */ = {
			isa = PBXGroup;
			children = (
				BF7F69901C6D50380013CE2B /* ALSignInViewController.h */,
				BF7F69911C6D50380013CE2B /* ALSignInViewController.m */,
				BFB3D4891C7245D800E5C405 /* ALSpotifyPlayerViewController.h */,
				BFB3D48A1C7245D800E5C405 /* ALSpotifyPlayerViewController.m */,
				BFB3D48C1C72502000E5C405 /* ALPlaylistSelectionViewController.h */,
				BFB3D48D1C72502000E5C405 /* ALPlaylistSelectionViewController.m */,
			);
			name = "Spotify Controller";
			sourceTree = "<group>";
		};
		BFB286B71C6DB7100031DDE4 /* Resources */ = {
			isa = PBXGroup;
			children = (
				BFF1BA111C6D4B9E00ECBF69 /* Assets.xcassets */,
				BF7F69AD1C6D50650013CE2B /* Osaka.ttf */,
			);
			name = Resources;
			sourceTree = "<group>";
		};
		BFF1B9F61C6D4B9D00ECBF69 = {
			isa = PBXGroup;
			children = (
				BFF1BA011C6D4B9E00ECBF69 /* Alarmify */,
				BFF1BA001C6D4B9E00ECBF69 /* Products */,
				EDAF20CE5E121AA6D841BCC6 /* Pods */,
				DD7E8A00EE9D4C973A19785E /* Frameworks */,
			);
			sourceTree = "<group>";
		};
		BFF1BA001C6D4B9E00ECBF69 /* Products */ = {
			isa = PBXGroup;
			children = (
				BFF1B9FF1C6D4B9E00ECBF69 /* Alarmify.app */,
			);
			name = Products;
			sourceTree = "<group>";
		};
		BFF1BA011C6D4B9E00ECBF69 /* Alarmify */ = {
			isa = PBXGroup;
			children = (
				BF78E9811C6D4EF60044440B /* Main.storyboard */,
				BF7F698D1C6D502F0013CE2B /* AppDelegate.h */,
				BF7F698E1C6D502F0013CE2B /* AppDelegate.m */,
				BFB286B61C6DB7030031DDE4 /* Spotify Controller */,
				BFB286B51C6DB6E50031DDE4 /* Spotify Model */,
				BF0C80211C70269D00BA8BB8 /* For Eric & Dan */,
				BFF1BA131C6D4B9E00ECBF69 /* LaunchScreen.storyboard */,
				BFB286B71C6DB7100031DDE4 /* Resources */,
				BFF1BA021C6D4B9E00ECBF69 /* Supporting Files */,
			);
			path = Alarmify;
			sourceTree = "<group>";
		};
		BFF1BA021C6D4B9E00ECBF69 /* Supporting Files */ = {
			isa = PBXGroup;
			children = (
				BF7F69AA1C6D50560013CE2B /* Info.plist */,
				BF6F04F61C6E77510096C156 /* Keys.plist */,
				BF7F69A81C6D50490013CE2B /* main.m */,
				BF0C801D1C6EDC0400BA8BB8 /* alarmify-prefix.pch */,
			);
			name = "Supporting Files";
			sourceTree = "<group>";
		};
		DD7E8A00EE9D4C973A19785E /* Frameworks */ = {
			isa = PBXGroup;
			children = (
				BF6EEF961C6ED38D00460452 /* CoreAudio.framework */,
				BF6EEF941C6ED34E00460452 /* AudioUnit.framework */,
				BF6EEF921C6ED30B00460452 /* AudioToolbox.framework */,
				BF6F05061C6E84F20096C156 /* SafariServices.framework */,
				BF6F05001C6E80DB0096C156 /* AVFoundation.framework */,
				BF6F04FE1C6E80290096C156 /* Spotify.framework */,
				2BF105BFBBFD2127963F5FD6 /* libPods.a */,
			);
			name = Frameworks;
			sourceTree = "<group>";
		};
		EDAF20CE5E121AA6D841BCC6 /* Pods */ = {
			isa = PBXGroup;
			children = (
				C268A941AF3EFA30A0A683EA /* Pods.debug.xcconfig */,
				E72D251B87A3D6868C48C4EE /* Pods.release.xcconfig */,
			);
			name = Pods;
			sourceTree = "<group>";
		};
/* End PBXGroup section */

/* Begin PBXNativeTarget section */
		BFF1B9FE1C6D4B9E00ECBF69 /* Alarmify */ = {
			isa = PBXNativeTarget;
			buildConfigurationList = BFF1BA191C6D4B9E00ECBF69 /* Build configuration list for PBXNativeTarget "Alarmify" */;
			buildPhases = (
				3A64F085510955ADD8B55CAB /* Check Pods Manifest.lock */,
				BFF1B9FB1C6D4B9E00ECBF69 /* Sources */,
				BFF1B9FC1C6D4B9E00ECBF69 /* Frameworks */,
				BFF1B9FD1C6D4B9E00ECBF69 /* Resources */,
				CB4A56AA60373E72106205CC /* Copy Pods Resources */,
			);
			buildRules = (
			);
			dependencies = (
			);
			name = Alarmify;
			productName = Alarmify;
			productReference = BFF1B9FF1C6D4B9E00ECBF69 /* Alarmify.app */;
			productType = "com.apple.product-type.application";
		};
/* End PBXNativeTarget section */

/* Begin PBXProject section */
		BFF1B9F71C6D4B9D00ECBF69 /* Project object */ = {
			isa = PBXProject;
			attributes = {
				LastUpgradeCheck = 0720;
				ORGANIZATIONNAME = "Charles Kang";
				TargetAttributes = {
					BFF1B9FE1C6D4B9E00ECBF69 = {
						CreatedOnToolsVersion = 7.2;
						DevelopmentTeam = 26RHXP32FH;
						SystemCapabilities = {
							com.apple.Push = {
								enabled = 1;
							};
						};
					};
				};
			};
			buildConfigurationList = BFF1B9FA1C6D4B9D00ECBF69 /* Build configuration list for PBXProject "Alarmify" */;
			compatibilityVersion = "Xcode 3.2";
			developmentRegion = English;
			hasScannedForEncodings = 0;
			knownRegions = (
				en,
				Base,
			);
			mainGroup = BFF1B9F61C6D4B9D00ECBF69;
			productRefGroup = BFF1BA001C6D4B9E00ECBF69 /* Products */;
			projectDirPath = "";
			projectRoot = "";
			targets = (
				BFF1B9FE1C6D4B9E00ECBF69 /* Alarmify */,
			);
		};
/* End PBXProject section */

/* Begin PBXResourcesBuildPhase section */
		BFF1B9FD1C6D4B9E00ECBF69 /* Resources */ = {
			isa = PBXResourcesBuildPhase;
			buildActionMask = 2147483647;
			files = (
				BF6F04F71C6E77510096C156 /* Keys.plist in Resources */,
				BF7F69AB1C6D50560013CE2B /* Info.plist in Resources */,
				BF7F69AE1C6D50650013CE2B /* Osaka.ttf in Resources */,
				BF78E9821C6D4EF60044440B /* Main.storyboard in Resources */,
				BFF1BA151C6D4B9E00ECBF69 /* LaunchScreen.storyboard in Resources */,
				BFF1BA121C6D4B9E00ECBF69 /* Assets.xcassets in Resources */,
			);
			runOnlyForDeploymentPostprocessing = 0;
		};
/* End PBXResourcesBuildPhase section */

/* Begin PBXShellScriptBuildPhase section */
		3A64F085510955ADD8B55CAB /* Check Pods Manifest.lock */ = {
			isa = PBXShellScriptBuildPhase;
			buildActionMask = 2147483647;
			files = (
			);
			inputPaths = (
			);
			name = "Check Pods Manifest.lock";
			outputPaths = (
			);
			runOnlyForDeploymentPostprocessing = 0;
			shellPath = /bin/sh;
			shellScript = "diff \"${PODS_ROOT}/../Podfile.lock\" \"${PODS_ROOT}/Manifest.lock\" > /dev/null\nif [[ $? != 0 ]] ; then\n    cat << EOM\nerror: The sandbox is not in sync with the Podfile.lock. Run 'pod install' or update your CocoaPods installation.\nEOM\n    exit 1\nfi\n";
			showEnvVarsInLog = 0;
		};
		CB4A56AA60373E72106205CC /* Copy Pods Resources */ = {
			isa = PBXShellScriptBuildPhase;
			buildActionMask = 2147483647;
			files = (
			);
			inputPaths = (
			);
			name = "Copy Pods Resources";
			outputPaths = (
			);
			runOnlyForDeploymentPostprocessing = 0;
			shellPath = /bin/sh;
			shellScript = "\"${SRCROOT}/Pods/Target Support Files/Pods/Pods-resources.sh\"\n";
			showEnvVarsInLog = 0;
		};
/* End PBXShellScriptBuildPhase section */

/* Begin PBXSourcesBuildPhase section */
		BFF1B9FB1C6D4B9E00ECBF69 /* Sources */ = {
			isa = PBXSourcesBuildPhase;
			buildActionMask = 2147483647;
			files = (
				BF7F69A91C6D50490013CE2B /* main.m in Sources */,
				BFB3D48B1C7245D800E5C405 /* ALSpotifyPlayerViewController.m in Sources */,
				BF7F69A51C6D50400013CE2B /* ALAlarmManager.m in Sources */,
				BF7F69A31C6D50400013CE2B /* ALAddAlarmTableViewController.m in Sources */,
				BF7F698F1C6D502F0013CE2B /* AppDelegate.m in Sources */,
				BF7F69A41C6D50400013CE2B /* ALAlarm.m in Sources */,
				BF7F69961C6D50380013CE2B /* ALSignInViewController.m in Sources */,
				BF7F69971C6D50380013CE2B /* ALSpotifyManager.m in Sources */,
				BF7F69A71C6D50400013CE2B /* ALAlarmsViewController.m in Sources */,
				BF7F69981C6D50380013CE2B /* ALUser.m in Sources */,
				BF7F69A61C6D50400013CE2B /* ALAlarmsTableViewController.m in Sources */,
				BFB3D48E1C72502000E5C405 /* ALPlaylistSelectionViewController.m in Sources */,
			);
			runOnlyForDeploymentPostprocessing = 0;
		};
/* End PBXSourcesBuildPhase section */

/* Begin PBXVariantGroup section */
		BFF1BA131C6D4B9E00ECBF69 /* LaunchScreen.storyboard */ = {
			isa = PBXVariantGroup;
			children = (
				BFF1BA141C6D4B9E00ECBF69 /* Base */,
			);
			name = LaunchScreen.storyboard;
			sourceTree = "<group>";
		};
/* End PBXVariantGroup section */

/* Begin XCBuildConfiguration section */
		BFF1BA171C6D4B9E00ECBF69 /* Debug */ = {
			isa = XCBuildConfiguration;
			buildSettings = {
				ALWAYS_SEARCH_USER_PATHS = NO;
				CLANG_CXX_LANGUAGE_STANDARD = "gnu++0x";
				CLANG_CXX_LIBRARY = "libc++";
				CLANG_ENABLE_MODULES = YES;
				CLANG_ENABLE_OBJC_ARC = YES;
				CLANG_WARN_BOOL_CONVERSION = YES;
				CLANG_WARN_CONSTANT_CONVERSION = YES;
				CLANG_WARN_DIRECT_OBJC_ISA_USAGE = YES_ERROR;
				CLANG_WARN_EMPTY_BODY = YES;
				CLANG_WARN_ENUM_CONVERSION = YES;
				CLANG_WARN_INT_CONVERSION = YES;
				CLANG_WARN_OBJC_ROOT_CLASS = YES_ERROR;
				CLANG_WARN_UNREACHABLE_CODE = YES;
				CLANG_WARN__DUPLICATE_METHOD_MATCH = YES;
				"CODE_SIGN_IDENTITY[sdk=iphoneos*]" = "iPhone Developer";
				COPY_PHASE_STRIP = NO;
				DEBUG_INFORMATION_FORMAT = dwarf;
				ENABLE_STRICT_OBJC_MSGSEND = YES;
				ENABLE_TESTABILITY = YES;
				GCC_C_LANGUAGE_STANDARD = gnu99;
				GCC_DYNAMIC_NO_PIC = NO;
				GCC_NO_COMMON_BLOCKS = YES;
				GCC_OPTIMIZATION_LEVEL = 0;
				GCC_PREPROCESSOR_DEFINITIONS = (
					"DEBUG=1",
					"$(inherited)",
				);
				GCC_WARN_64_TO_32_BIT_CONVERSION = YES;
				GCC_WARN_ABOUT_RETURN_TYPE = YES_ERROR;
				GCC_WARN_UNDECLARED_SELECTOR = YES;
				GCC_WARN_UNINITIALIZED_AUTOS = YES_AGGRESSIVE;
				GCC_WARN_UNUSED_FUNCTION = YES;
				GCC_WARN_UNUSED_VARIABLE = YES;
				IPHONEOS_DEPLOYMENT_TARGET = 9.2;
				MTL_ENABLE_DEBUG_INFO = YES;
				ONLY_ACTIVE_ARCH = YES;
				SDKROOT = iphoneos;
			};
			name = Debug;
		};
		BFF1BA181C6D4B9E00ECBF69 /* Release */ = {
			isa = XCBuildConfiguration;
			buildSettings = {
				ALWAYS_SEARCH_USER_PATHS = NO;
				CLANG_CXX_LANGUAGE_STANDARD = "gnu++0x";
				CLANG_CXX_LIBRARY = "libc++";
				CLANG_ENABLE_MODULES = YES;
				CLANG_ENABLE_OBJC_ARC = YES;
				CLANG_WARN_BOOL_CONVERSION = YES;
				CLANG_WARN_CONSTANT_CONVERSION = YES;
				CLANG_WARN_DIRECT_OBJC_ISA_USAGE = YES_ERROR;
				CLANG_WARN_EMPTY_BODY = YES;
				CLANG_WARN_ENUM_CONVERSION = YES;
				CLANG_WARN_INT_CONVERSION = YES;
				CLANG_WARN_OBJC_ROOT_CLASS = YES_ERROR;
				CLANG_WARN_UNREACHABLE_CODE = YES;
				CLANG_WARN__DUPLICATE_METHOD_MATCH = YES;
				"CODE_SIGN_IDENTITY[sdk=iphoneos*]" = "iPhone Developer";
				COPY_PHASE_STRIP = NO;
				DEBUG_INFORMATION_FORMAT = "dwarf-with-dsym";
				ENABLE_NS_ASSERTIONS = NO;
				ENABLE_STRICT_OBJC_MSGSEND = YES;
				GCC_C_LANGUAGE_STANDARD = gnu99;
				GCC_NO_COMMON_BLOCKS = YES;
				GCC_WARN_64_TO_32_BIT_CONVERSION = YES;
				GCC_WARN_ABOUT_RETURN_TYPE = YES_ERROR;
				GCC_WARN_UNDECLARED_SELECTOR = YES;
				GCC_WARN_UNINITIALIZED_AUTOS = YES_AGGRESSIVE;
				GCC_WARN_UNUSED_FUNCTION = YES;
				GCC_WARN_UNUSED_VARIABLE = YES;
				IPHONEOS_DEPLOYMENT_TARGET = 9.2;
				MTL_ENABLE_DEBUG_INFO = NO;
				SDKROOT = iphoneos;
				VALIDATE_PRODUCT = YES;
			};
			name = Release;
		};
		BFF1BA1A1C6D4B9E00ECBF69 /* Debug */ = {
			isa = XCBuildConfiguration;
			baseConfigurationReference = C268A941AF3EFA30A0A683EA /* Pods.debug.xcconfig */;
			buildSettings = {
				ASSETCATALOG_COMPILER_APPICON_NAME = AppIcon;
				CODE_SIGN_IDENTITY = "iPhone Developer";
				"CODE_SIGN_IDENTITY[sdk=iphoneos*]" = "iPhone Developer";
				ENABLE_BITCODE = NO;
				FRAMEWORK_SEARCH_PATHS = (
					"$(inherited)",
					"$(PROJECT_DIR)",
				);
				GCC_PREFIX_HEADER = "alarmify-prefix.pch";
				INFOPLIST_FILE = Alarmify/Info.plist;
				LD_RUNPATH_SEARCH_PATHS = "$(inherited) @executable_path/Frameworks";
				New_Setting = "";
				PRODUCT_BUNDLE_IDENTIFIER = com.c4q.Alarmify;
				PRODUCT_NAME = Alarmify;
				PROVISIONING_PROFILE = "";
			};
			name = Debug;
		};
		BFF1BA1B1C6D4B9E00ECBF69 /* Release */ = {
			isa = XCBuildConfiguration;
			baseConfigurationReference = E72D251B87A3D6868C48C4EE /* Pods.release.xcconfig */;
			buildSettings = {
				ASSETCATALOG_COMPILER_APPICON_NAME = AppIcon;
				CODE_SIGN_IDENTITY = "iPhone Developer";
				"CODE_SIGN_IDENTITY[sdk=iphoneos*]" = "iPhone Developer";
				ENABLE_BITCODE = NO;
				FRAMEWORK_SEARCH_PATHS = (
					"$(inherited)",
					"$(PROJECT_DIR)",
				);
				GCC_PREFIX_HEADER = "alarmify-prefix.pch";
				INFOPLIST_FILE = Alarmify/Info.plist;
				LD_RUNPATH_SEARCH_PATHS = "$(inherited) @executable_path/Frameworks";
				New_Setting = "";
				PRODUCT_BUNDLE_IDENTIFIER = com.c4q.Alarmify;
				PRODUCT_NAME = Alarmify;
				PROVISIONING_PROFILE = "";
			};
			name = Release;
		};
/* End XCBuildConfiguration section */

/* Begin XCConfigurationList section */
		BFF1B9FA1C6D4B9D00ECBF69 /* Build configuration list for PBXProject "Alarmify" */ = {
			isa = XCConfigurationList;
			buildConfigurations = (
				BFF1BA171C6D4B9E00ECBF69 /* Debug */,
				BFF1BA181C6D4B9E00ECBF69 /* Release */,
			);
			defaultConfigurationIsVisible = 0;
			defaultConfigurationName = Release;
		};
		BFF1BA191C6D4B9E00ECBF69 /* Build configuration list for PBXNativeTarget "Alarmify" */ = {
			isa = XCConfigurationList;
			buildConfigurations = (
				BFF1BA1A1C6D4B9E00ECBF69 /* Debug */,
				BFF1BA1B1C6D4B9E00ECBF69 /* Release */,
			);
			defaultConfigurationIsVisible = 0;
			defaultConfigurationName = Release;
		};
/* End XCConfigurationList section */
	};
	rootObject = BFF1B9F71C6D4B9D00ECBF69 /* Project object */;
}
